
Microsoft Visual Studio Solution File, Format Version 12.00
# Visual Studio Version 17
VisualStudioVersion = 17.3.32901.215
MinimumVisualStudioVersion = 10.0.40219.1
Project("{FAE04EC0-301F-11D3-BF4B-00C04F79EFBC}") = "ManagmentCS", "ManagmentCS\ManagmentCS.csproj", "{4F67AF2D-C21E-454B-8344-3CA7C5E8D078}"
EndProject
Global
	GlobalSection(SolutionConfigurationPlatforms) = preSolution
		Debug|Any CPU = Debug|Any CPU
		Release|Any CPU = Release|Any CPU
	EndGlobalSection
	GlobalSection(ProjectConfigurationPlatforms) = postSolution
		{4F67AF2D-C21E-454B-8344-3CA7C5E8D078}.Debug|Any CPU.ActiveCfg = Debug|Any CPU
		{4F67AF2D-C21E-454B-8344-3CA7C5E8D078}.Debug|Any CPU.Build.0 = Debug|Any CPU
		{4F67AF2D-C21E-454B-8344-3CA7C5E8D078}.Release|Any CPU.ActiveCfg = Release|Any CPU
		{4F67AF2D-C21E-454B-8344-3CA7C5E8D078}.Release|Any CPU.Build.0 = Release|Any CPU
	EndGlobalSection
	GlobalSection(SolutionProperties) = preSolution
		HideSolutionNode = FALSE
	EndGlobalSection
	GlobalSection(ExtensibilityGlobals) = postSolution
		SolutionGuid = {7FC9188A-8EF0-49DF-AB13-FE62FD357B52}
	EndGlobalSection
EndGlobal
